
Microsoft Visual Studio Solution File, Format Version 12.00
# Visual Studio 14
VisualStudioVersion = 14.0.25420.1
MinimumVisualStudioVersion = 10.0.40219.1
Project("{FAE04EC0-301F-11D3-BF4B-00C04F79EFBC}") = "SimpleAsyncAwait", "SimpleAsyncAwait\SimpleAsyncAwait.csproj", "{82314A36-4B3D-4CFC-BA69-3C45BB93E392}"
EndProject
Project("{FAE04EC0-301F-11D3-BF4B-00C04F79EFBC}") = "WebAsync", "WebAsync\WebAsync.csproj", "{CB6D0362-55A4-4C90-9C37-6190ABBA843D}"
EndProject
Project("{FAE04EC0-301F-11D3-BF4B-00C04F79EFBC}") = "AsyncAwaitTask", "AsyncAwaitTask\AsyncAwaitTask.csproj", "{A8D9ACC6-75FF-40D9-A86A-3E6C73B8C04E}"
EndProject
Project("{FAE04EC0-301F-11D3-BF4B-00C04F79EFBC}") = "RegularVsAsync", "RegularVsAsync\RegularVsAsync.csproj", "{20CFB181-71B5-4AF3-98BA-A1D80C8D3804}"
EndProject
Project("{FAE04EC0-301F-11D3-BF4B-00C04F79EFBC}") = "StartStopJoin", "StartStopJoin\StartStopJoin.csproj", "{11838436-A079-46B9-A138-4CD42CF8B1CD}"
EndProject
Global
	GlobalSection(SolutionConfigurationPlatforms) = preSolution
		Debug|Any CPU = Debug|Any CPU
		Release|Any CPU = Release|Any CPU
	EndGlobalSection
	GlobalSection(ProjectConfigurationPlatforms) = postSolution
		{82314A36-4B3D-4CFC-BA69-3C45BB93E392}.Debug|Any CPU.ActiveCfg = Debug|Any CPU
		{82314A36-4B3D-4CFC-BA69-3C45BB93E392}.Debug|Any CPU.Build.0 = Debug|Any CPU
		{82314A36-4B3D-4CFC-BA69-3C45BB93E392}.Release|Any CPU.ActiveCfg = Release|Any CPU
		{82314A36-4B3D-4CFC-BA69-3C45BB93E392}.Release|Any CPU.Build.0 = Release|Any CPU
		{CB6D0362-55A4-4C90-9C37-6190ABBA843D}.Debug|Any CPU.ActiveCfg = Debug|Any CPU
		{CB6D0362-55A4-4C90-9C37-6190ABBA843D}.Debug|Any CPU.Build.0 = Debug|Any CPU
		{CB6D0362-55A4-4C90-9C37-6190ABBA843D}.Release|Any CPU.ActiveCfg = Release|Any CPU
		{CB6D0362-55A4-4C90-9C37-6190ABBA843D}.Release|Any CPU.Build.0 = Release|Any CPU
		{A8D9ACC6-75FF-40D9-A86A-3E6C73B8C04E}.Debug|Any CPU.ActiveCfg = Debug|Any CPU
		{A8D9ACC6-75FF-40D9-A86A-3E6C73B8C04E}.Debug|Any CPU.Build.0 = Debug|Any CPU
		{A8D9ACC6-75FF-40D9-A86A-3E6C73B8C04E}.Release|Any CPU.ActiveCfg = Release|Any CPU
		{A8D9ACC6-75FF-40D9-A86A-3E6C73B8C04E}.Release|Any CPU.Build.0 = Release|Any CPU
		{20CFB181-71B5-4AF3-98BA-A1D80C8D3804}.Debug|Any CPU.ActiveCfg = Debug|Any CPU
		{20CFB181-71B5-4AF3-98BA-A1D80C8D3804}.Debug|Any CPU.Build.0 = Debug|Any CPU
		{20CFB181-71B5-4AF3-98BA-A1D80C8D3804}.Release|Any CPU.ActiveCfg = Release|Any CPU
		{20CFB181-71B5-4AF3-98BA-A1D80C8D3804}.Release|Any CPU.Build.0 = Release|Any CPU
		{11838436-A079-46B9-A138-4CD42CF8B1CD}.Debug|Any CPU.ActiveCfg = Debug|Any CPU
		{11838436-A079-46B9-A138-4CD42CF8B1CD}.Debug|Any CPU.Build.0 = Debug|Any CPU
		{11838436-A079-46B9-A138-4CD42CF8B1CD}.Release|Any CPU.ActiveCfg = Release|Any CPU
		{11838436-A079-46B9-A138-4CD42CF8B1CD}.Release|Any CPU.Build.0 = Release|Any CPU
	EndGlobalSection
	GlobalSection(SolutionProperties) = preSolution
		HideSolutionNode = FALSE
	EndGlobalSection
EndGlobal
